
Microsoft Visual Studio Solution File, Format Version 12.00
# Visual Studio Version 17
VisualStudioVersion = 17.7.34031.279
MinimumVisualStudioVersion = 10.0.40219.1
Project("{FAE04EC0-301F-11D3-BF4B-00C04F79EFBC}") = "RZAAppliciation", "RZAAppliciation\RZAAppliciation.csproj", "{D30A5AF1-8D76-4883-9176-48735D7EFDD3}"
EndProject
Global
	GlobalSection(SolutionConfigurationPlatforms) = preSolution
		Debug|Any CPU = Debug|Any CPU
		Release|Any CPU = Release|Any CPU
	EndGlobalSection
	GlobalSection(ProjectConfigurationPlatforms) = postSolution
		{D30A5AF1-8D76-4883-9176-48735D7EFDD3}.Debug|Any CPU.ActiveCfg = Debug|Any CPU
		{D30A5AF1-8D76-4883-9176-48735D7EFDD3}.Debug|Any CPU.Build.0 = Debug|Any CPU
		{D30A5AF1-8D76-4883-9176-48735D7EFDD3}.Release|Any CPU.ActiveCfg = Release|Any CPU
		{D30A5AF1-8D76-4883-9176-48735D7EFDD3}.Release|Any CPU.Build.0 = Release|Any CPU
	EndGlobalSection
	GlobalSection(SolutionProperties) = preSolution
		HideSolutionNode = FALSE
	EndGlobalSection
	GlobalSection(ExtensibilityGlobals) = postSolution
		SolutionGuid = {75E7A04C-6206-4022-9C60-21B772F2ADFD}
	EndGlobalSection
EndGlobal
